
Microsoft Visual Studio Solution File, Format Version 12.00
Project("{FAE04EC0-301F-11D3-BF4B-00C04F79EFBC}") = "CA1Animals", "CA1Animals\CA1Animals.csproj", "{AA0571AF-3412-4664-8D94-2183E1A8CE2D}"
EndProject
Project("{FAE04EC0-301F-11D3-BF4B-00C04F79EFBC}") = "CA1AnimalsTests", "CA1AnimalsTests\CA1AnimalsTests.csproj", "{872AF30B-8AFE-4F96-B86B-F7945068B48D}"
EndProject
Global
	GlobalSection(SolutionConfigurationPlatforms) = preSolution
		Debug|Any CPU = Debug|Any CPU
		Release|Any CPU = Release|Any CPU
	EndGlobalSection
	GlobalSection(ProjectConfigurationPlatforms) = postSolution
		{AA0571AF-3412-4664-8D94-2183E1A8CE2D}.Debug|Any CPU.ActiveCfg = Debug|Any CPU
		{AA0571AF-3412-4664-8D94-2183E1A8CE2D}.Debug|Any CPU.Build.0 = Debug|Any CPU
		{AA0571AF-3412-4664-8D94-2183E1A8CE2D}.Release|Any CPU.ActiveCfg = Release|Any CPU
		{AA0571AF-3412-4664-8D94-2183E1A8CE2D}.Release|Any CPU.Build.0 = Release|Any CPU
		{872AF30B-8AFE-4F96-B86B-F7945068B48D}.Debug|Any CPU.ActiveCfg = Debug|Any CPU
		{872AF30B-8AFE-4F96-B86B-F7945068B48D}.Debug|Any CPU.Build.0 = Debug|Any CPU
		{872AF30B-8AFE-4F96-B86B-F7945068B48D}.Release|Any CPU.ActiveCfg = Release|Any CPU
		{872AF30B-8AFE-4F96-B86B-F7945068B48D}.Release|Any CPU.Build.0 = Release|Any CPU
	EndGlobalSection
EndGlobal
